
Microsoft Visual Studio Solution File, Format Version 12.00
# Visual Studio Version 16
VisualStudioVersion = 16.0.31727.386
MinimumVisualStudioVersion = 10.0.40219.1
Project("{8BC9CEB8-8B4A-11D0-8D11-00A0C91BC942}") = "TCPServer_Fixed", "TCPServer_Fixed\TCPServer_Fixed.vcxproj", "{D20A0344-60D1-4409-89B5-A4EE9ACC5132}"
EndProject
Project("{8BC9CEB8-8B4A-11D0-8D11-00A0C91BC942}") = "TCPClient_Fixed", "TCPClient_Fixed\TCPClient_Fixed.vcxproj", "{52A73CF2-7C2F-4AE7-937A-F7F1CBD3C4C2}"
EndProject
Project("{8BC9CEB8-8B4A-11D0-8D11-00A0C91BC942}") = "TCPServer_Variable", "TCPServer_Variable\TCPServer_Variable.vcxproj", "{7134890D-AD3D-4361-BADF-56B95660CB25}"
EndProject
Project("{8BC9CEB8-8B4A-11D0-8D11-00A0C91BC942}") = "TCPClient_Variable", "TCPClient_Variable\TCPClient_Variable.vcxproj", "{B459FD63-4585-4122-BB24-1759BF1236F8}"
EndProject
Project("{8BC9CEB8-8B4A-11D0-8D11-00A0C91BC942}") = "TCPServer_FixedVariable", "TCPServer_FixedVariable\TCPServer_FixedVariable.vcxproj", "{02754BF6-46A6-429E-9415-8E21DBEDE8F3}"
EndProject
Project("{8BC9CEB8-8B4A-11D0-8D11-00A0C91BC942}") = "TCPClient_FixedVariable", "TCPClient_FixedVariable\TCPClient_FixedVariable.vcxproj", "{D6B42C57-929C-4F58-8E8C-3D2865E964DC}"
EndProject
Project("{8BC9CEB8-8B4A-11D0-8D11-00A0C91BC942}") = "TCPServer_CloseOnTransfer", "TCPServer_CloseOnTransfer\TCPServer_CloseOnTransfer.vcxproj", "{8C7F406C-82C3-4241-BC71-AF5794F642A0}"
EndProject
Project("{8BC9CEB8-8B4A-11D0-8D11-00A0C91BC942}") = "TCPClient_CloseOnTransfer", "TCPClient_CloseOnTransfer\TCPClient_CloseOnTransfer.vcxproj", "{8A6A10F3-F347-47B5-9367-DECFA6996FE9}"
EndProject
Project("{8BC9CEB8-8B4A-11D0-8D11-00A0C91BC942}") = "5_1_Server", "5_1\5_1.vcxproj", "{297061FB-F4AA-4B38-9990-9EC242C1D074}"
EndProject
Project("{8BC9CEB8-8B4A-11D0-8D11-00A0C91BC942}") = "5_1_Client", "5_1_Client\5_1_Client.vcxproj", "{D8094C48-9421-4E09-AA5D-789A4F0B9A56}"
EndProject
Project("{8BC9CEB8-8B4A-11D0-8D11-00A0C91BC942}") = "6_1_Server", "6_1_Server\6_1_Server.vcxproj", "{E18E17DC-A30B-46B4-8D7E-67A6CC5B4325}"
EndProject
Global
	GlobalSection(SolutionConfigurationPlatforms) = preSolution
		Debug|x64 = Debug|x64
		Debug|x86 = Debug|x86
		Release|x64 = Release|x64
		Release|x86 = Release|x86
	EndGlobalSection
	GlobalSection(ProjectConfigurationPlatforms) = postSolution
		{D20A0344-60D1-4409-89B5-A4EE9ACC5132}.Debug|x64.ActiveCfg = Debug|x64
		{D20A0344-60D1-4409-89B5-A4EE9ACC5132}.Debug|x64.Build.0 = Debug|x64
		{D20A0344-60D1-4409-89B5-A4EE9ACC5132}.Debug|x86.ActiveCfg = Debug|Win32
		{D20A0344-60D1-4409-89B5-A4EE9ACC5132}.Debug|x86.Build.0 = Debug|Win32
		{D20A0344-60D1-4409-89B5-A4EE9ACC5132}.Release|x64.ActiveCfg = Release|x64
		{D20A0344-60D1-4409-89B5-A4EE9ACC5132}.Release|x64.Build.0 = Release|x64
		{D20A0344-60D1-4409-89B5-A4EE9ACC5132}.Release|x86.ActiveCfg = Release|Win32
		{D20A0344-60D1-4409-89B5-A4EE9ACC5132}.Release|x86.Build.0 = Release|Win32
		{52A73CF2-7C2F-4AE7-937A-F7F1CBD3C4C2}.Debug|x64.ActiveCfg = Debug|x64
		{52A73CF2-7C2F-4AE7-937A-F7F1CBD3C4C2}.Debug|x64.Build.0 = Debug|x64
		{52A73CF2-7C2F-4AE7-937A-F7F1CBD3C4C2}.Debug|x86.ActiveCfg = Debug|Win32
		{52A73CF2-7C2F-4AE7-937A-F7F1CBD3C4C2}.Debug|x86.Build.0 = Debug|Win32
		{52A73CF2-7C2F-4AE7-937A-F7F1CBD3C4C2}.Release|x64.ActiveCfg = Release|x64
		{52A73CF2-7C2F-4AE7-937A-F7F1CBD3C4C2}.Release|x64.Build.0 = Release|x64
		{52A73CF2-7C2F-4AE7-937A-F7F1CBD3C4C2}.Release|x86.ActiveCfg = Release|Win32
		{52A73CF2-7C2F-4AE7-937A-F7F1CBD3C4C2}.Release|x86.Build.0 = Release|Win32
		{7134890D-AD3D-4361-BADF-56B95660CB25}.Debug|x64.ActiveCfg = Debug|x64
		{7134890D-AD3D-4361-BADF-56B95660CB25}.Debug|x64.Build.0 = Debug|x64
		{7134890D-AD3D-4361-BADF-56B95660CB25}.Debug|x86.ActiveCfg = Debug|Win32
		{7134890D-AD3D-4361-BADF-56B95660CB25}.Debug|x86.Build.0 = Debug|Win32
		{7134890D-AD3D-4361-BADF-56B95660CB25}.Release|x64.ActiveCfg = Release|x64
		{7134890D-AD3D-4361-BADF-56B95660CB25}.Release|x64.Build.0 = Release|x64
		{7134890D-AD3D-4361-BADF-56B95660CB25}.Release|x86.ActiveCfg = Release|Win32
		{7134890D-AD3D-4361-BADF-56B95660CB25}.Release|x86.Build.0 = Release|Win32
		{B459FD63-4585-4122-BB24-1759BF1236F8}.Debug|x64.ActiveCfg = Debug|x64
		{B459FD63-4585-4122-BB24-1759BF1236F8}.Debug|x64.Build.0 = Debug|x64
		{B459FD63-4585-4122-BB24-1759BF1236F8}.Debug|x86.ActiveCfg = Debug|Win32
		{B459FD63-4585-4122-BB24-1759BF1236F8}.Debug|x86.Build.0 = Debug|Win32
		{B459FD63-4585-4122-BB24-1759BF1236F8}.Release|x64.ActiveCfg = Release|x64
		{B459FD63-4585-4122-BB24-1759BF1236F8}.Release|x64.Build.0 = Release|x64
		{B459FD63-4585-4122-BB24-1759BF1236F8}.Release|x86.ActiveCfg = Release|Win32
		{B459FD63-4585-4122-BB24-1759BF1236F8}.Release|x86.Build.0 = Release|Win32
		{02754BF6-46A6-429E-9415-8E21DBEDE8F3}.Debug|x64.ActiveCfg = Debug|x64
		{02754BF6-46A6-429E-9415-8E21DBEDE8F3}.Debug|x64.Build.0 = Debug|x64
		{02754BF6-46A6-429E-9415-8E21DBEDE8F3}.Debug|x86.ActiveCfg = Debug|Win32
		{02754BF6-46A6-429E-9415-8E21DBEDE8F3}.Debug|x86.Build.0 = Debug|Win32
		{02754BF6-46A6-429E-9415-8E21DBEDE8F3}.Release|x64.ActiveCfg = Release|x64
		{02754BF6-46A6-429E-9415-8E21DBEDE8F3}.Release|x64.Build.0 = Release|x64
		{02754BF6-46A6-429E-9415-8E21DBEDE8F3}.Release|x86.ActiveCfg = Release|Win32
		{02754BF6-46A6-429E-9415-8E21DBEDE8F3}.Release|x86.Build.0 = Release|Win32
		{D6B42C57-929C-4F58-8E8C-3D2865E964DC}.Debug|x64.ActiveCfg = Debug|x64
		{D6B42C57-929C-4F58-8E8C-3D2865E964DC}.Debug|x64.Build.0 = Debug|x64
		{D6B42C57-929C-4F58-8E8C-3D2865E964DC}.Debug|x86.ActiveCfg = Debug|Win32
		{D6B42C57-929C-4F58-8E8C-3D2865E964DC}.Debug|x86.Build.0 = Debug|Win32
		{D6B42C57-929C-4F58-8E8C-3D2865E964DC}.Release|x64.ActiveCfg = Release|x64
		{D6B42C57-929C-4F58-8E8C-3D2865E964DC}.Release|x64.Build.0 = Release|x64
		{D6B42C57-929C-4F58-8E8C-3D2865E964DC}.Release|x86.ActiveCfg = Release|Win32
		{D6B42C57-929C-4F58-8E8C-3D2865E964DC}.Release|x86.Build.0 = Release|Win32
		{8C7F406C-82C3-4241-BC71-AF5794F642A0}.Debug|x64.ActiveCfg = Debug|x64
		{8C7F406C-82C3-4241-BC71-AF5794F642A0}.Debug|x64.Build.0 = Debug|x64
		{8C7F406C-82C3-4241-BC71-AF5794F642A0}.Debug|x86.ActiveCfg = Debug|Win32
		{8C7F406C-82C3-4241-BC71-AF5794F642A0}.Debug|x86.Build.0 = Debug|Win32
		{8C7F406C-82C3-4241-BC71-AF5794F642A0}.Release|x64.ActiveCfg = Release|x64
		{8C7F406C-82C3-4241-BC71-AF5794F642A0}.Release|x64.Build.0 = Release|x64
		{8C7F406C-82C3-4241-BC71-AF5794F642A0}.Release|x86.ActiveCfg = Release|Win32
		{8C7F406C-82C3-4241-BC71-AF5794F642A0}.Release|x86.Build.0 = Release|Win32
		{8A6A10F3-F347-47B5-9367-DECFA6996FE9}.Debug|x64.ActiveCfg = Debug|x64
		{8A6A10F3-F347-47B5-9367-DECFA6996FE9}.Debug|x64.Build.0 = Debug|x64
		{8A6A10F3-F347-47B5-9367-DECFA6996FE9}.Debug|x86.ActiveCfg = Debug|Win32
		{8A6A10F3-F347-47B5-9367-DECFA6996FE9}.Debug|x86.Build.0 = Debug|Win32
		{8A6A10F3-F347-47B5-9367-DECFA6996FE9}.Release|x64.ActiveCfg = Release|x64
		{8A6A10F3-F347-47B5-9367-DECFA6996FE9}.Release|x64.Build.0 = Release|x64
		{8A6A10F3-F347-47B5-9367-DECFA6996FE9}.Release|x86.ActiveCfg = Release|Win32
		{8A6A10F3-F347-47B5-9367-DECFA6996FE9}.Release|x86.Build.0 = Release|Win32
		{297061FB-F4AA-4B38-9990-9EC242C1D074}.Debug|x64.ActiveCfg = Debug|x64
		{297061FB-F4AA-4B38-9990-9EC242C1D074}.Debug|x64.Build.0 = Debug|x64
		{297061FB-F4AA-4B38-9990-9EC242C1D074}.Debug|x86.ActiveCfg = Debug|Win32
		{297061FB-F4AA-4B38-9990-9EC242C1D074}.Debug|x86.Build.0 = Debug|Win32
		{297061FB-F4AA-4B38-9990-9EC242C1D074}.Release|x64.ActiveCfg = Release|x64
		{297061FB-F4AA-4B38-9990-9EC242C1D074}.Release|x64.Build.0 = Release|x64
		{297061FB-F4AA-4B38-9990-9EC242C1D074}.Release|x86.ActiveCfg = Release|Win32
		{297061FB-F4AA-4B38-9990-9EC242C1D074}.Release|x86.Build.0 = Release|Win32
		{D8094C48-9421-4E09-AA5D-789A4F0B9A56}.Debug|x64.ActiveCfg = Debug|x64
		{D8094C48-9421-4E09-AA5D-789A4F0B9A56}.Debug|x64.Build.0 = Debug|x64
		{D8094C48-9421-4E09-AA5D-789A4F0B9A56}.Debug|x86.ActiveCfg = Debug|Win32
		{D8094C48-9421-4E09-AA5D-789A4F0B9A56}.Debug|x86.Build.0 = Debug|Win32
		{D8094C48-9421-4E09-AA5D-789A4F0B9A56}.Release|x64.ActiveCfg = Release|x64
		{D8094C48-9421-4E09-AA5D-789A4F0B9A56}.Release|x64.Build.0 = Release|x64
		{D8094C48-9421-4E09-AA5D-789A4F0B9A56}.Release|x86.ActiveCfg = Release|Win32
		{D8094C48-9421-4E09-AA5D-789A4F0B9A56}.Release|x86.Build.0 = Release|Win32
		{E18E17DC-A30B-46B4-8D7E-67A6CC5B4325}.Debug|x64.ActiveCfg = Debug|x64
		{E18E17DC-A30B-46B4-8D7E-67A6CC5B4325}.Debug|x64.Build.0 = Debug|x64
		{E18E17DC-A30B-46B4-8D7E-67A6CC5B4325}.Debug|x86.ActiveCfg = Debug|Win32
		{E18E17DC-A30B-46B4-8D7E-67A6CC5B4325}.Debug|x86.Build.0 = Debug|Win32
		{E18E17DC-A30B-46B4-8D7E-67A6CC5B4325}.Release|x64.ActiveCfg = Release|x64
		{E18E17DC-A30B-46B4-8D7E-67A6CC5B4325}.Release|x64.Build.0 = Release|x64
		{E18E17DC-A30B-46B4-8D7E-67A6CC5B4325}.Release|x86.ActiveCfg = Release|Win32
		{E18E17DC-A30B-46B4-8D7E-67A6CC5B4325}.Release|x86.Build.0 = Release|Win32
	EndGlobalSection
	GlobalSection(SolutionProperties) = preSolution
		HideSolutionNode = FALSE
	EndGlobalSection
	GlobalSection(ExtensibilityGlobals) = postSolution
		SolutionGuid = {729717A1-99D5-4B4B-BCD2-C2DE2983A73A}
	EndGlobalSection
EndGlobal
