
Microsoft Visual Studio Solution File, Format Version 12.00
# Visual Studio Version 16
VisualStudioVersion = 16.0.31727.386
MinimumVisualStudioVersion = 10.0.40219.1
Project("{8BC9CEB8-8B4A-11D0-8D11-00A0C91BC942}") = "Server", "Server.vcxproj", "{24B0FBB5-D929-4FBE-ABBA-4762CD251AAF}"
EndProject
Project("{8BC9CEB8-8B4A-11D0-8D11-00A0C91BC942}") = "InitSocket", "..\InitSocket\InitSocket.vcxproj", "{DC611062-EE7D-4D42-8E7E-B51B22EF3A5E}"
EndProject
Project("{8BC9CEB8-8B4A-11D0-8D11-00A0C91BC942}") = "ByteOrder", "..\ByteOrder\ByteOrder.vcxproj", "{34A2BF80-25EA-4A31-9487-E04DFF43294A}"
EndProject
Project("{8BC9CEB8-8B4A-11D0-8D11-00A0C91BC942}") = "IPAddr", "..\IPAddr\IPAddr.vcxproj", "{3621521D-77A2-46EF-A765-6A64D102DC05}"
EndProject
Project("{8BC9CEB8-8B4A-11D0-8D11-00A0C91BC942}") = "NameResolution", "..\NameResolution\NameResolution.vcxproj", "{623CB61F-3321-45B5-98CE-5F8BFE7FD697}"
EndProject
Global
	GlobalSection(SolutionConfigurationPlatforms) = preSolution
		Debug|x64 = Debug|x64
		Debug|x86 = Debug|x86
		Release|x64 = Release|x64
		Release|x86 = Release|x86
	EndGlobalSection
	GlobalSection(ProjectConfigurationPlatforms) = postSolution
		{24B0FBB5-D929-4FBE-ABBA-4762CD251AAF}.Debug|x64.ActiveCfg = Debug|x64
		{24B0FBB5-D929-4FBE-ABBA-4762CD251AAF}.Debug|x64.Build.0 = Debug|x64
		{24B0FBB5-D929-4FBE-ABBA-4762CD251AAF}.Debug|x86.ActiveCfg = Debug|Win32
		{24B0FBB5-D929-4FBE-ABBA-4762CD251AAF}.Debug|x86.Build.0 = Debug|Win32
		{24B0FBB5-D929-4FBE-ABBA-4762CD251AAF}.Release|x64.ActiveCfg = Release|x64
		{24B0FBB5-D929-4FBE-ABBA-4762CD251AAF}.Release|x64.Build.0 = Release|x64
		{24B0FBB5-D929-4FBE-ABBA-4762CD251AAF}.Release|x86.ActiveCfg = Release|Win32
		{24B0FBB5-D929-4FBE-ABBA-4762CD251AAF}.Release|x86.Build.0 = Release|Win32
		{DC611062-EE7D-4D42-8E7E-B51B22EF3A5E}.Debug|x64.ActiveCfg = Debug|x64
		{DC611062-EE7D-4D42-8E7E-B51B22EF3A5E}.Debug|x64.Build.0 = Debug|x64
		{DC611062-EE7D-4D42-8E7E-B51B22EF3A5E}.Debug|x86.ActiveCfg = Debug|Win32
		{DC611062-EE7D-4D42-8E7E-B51B22EF3A5E}.Debug|x86.Build.0 = Debug|Win32
		{DC611062-EE7D-4D42-8E7E-B51B22EF3A5E}.Release|x64.ActiveCfg = Release|x64
		{DC611062-EE7D-4D42-8E7E-B51B22EF3A5E}.Release|x64.Build.0 = Release|x64
		{DC611062-EE7D-4D42-8E7E-B51B22EF3A5E}.Release|x86.ActiveCfg = Release|Win32
		{DC611062-EE7D-4D42-8E7E-B51B22EF3A5E}.Release|x86.Build.0 = Release|Win32
		{34A2BF80-25EA-4A31-9487-E04DFF43294A}.Debug|x64.ActiveCfg = Debug|x64
		{34A2BF80-25EA-4A31-9487-E04DFF43294A}.Debug|x64.Build.0 = Debug|x64
		{34A2BF80-25EA-4A31-9487-E04DFF43294A}.Debug|x86.ActiveCfg = Debug|Win32
		{34A2BF80-25EA-4A31-9487-E04DFF43294A}.Debug|x86.Build.0 = Debug|Win32
		{34A2BF80-25EA-4A31-9487-E04DFF43294A}.Release|x64.ActiveCfg = Release|x64
		{34A2BF80-25EA-4A31-9487-E04DFF43294A}.Release|x64.Build.0 = Release|x64
		{34A2BF80-25EA-4A31-9487-E04DFF43294A}.Release|x86.ActiveCfg = Release|Win32
		{34A2BF80-25EA-4A31-9487-E04DFF43294A}.Release|x86.Build.0 = Release|Win32
		{3621521D-77A2-46EF-A765-6A64D102DC05}.Debug|x64.ActiveCfg = Debug|x64
		{3621521D-77A2-46EF-A765-6A64D102DC05}.Debug|x64.Build.0 = Debug|x64
		{3621521D-77A2-46EF-A765-6A64D102DC05}.Debug|x86.ActiveCfg = Debug|Win32
		{3621521D-77A2-46EF-A765-6A64D102DC05}.Debug|x86.Build.0 = Debug|Win32
		{3621521D-77A2-46EF-A765-6A64D102DC05}.Release|x64.ActiveCfg = Release|x64
		{3621521D-77A2-46EF-A765-6A64D102DC05}.Release|x64.Build.0 = Release|x64
		{3621521D-77A2-46EF-A765-6A64D102DC05}.Release|x86.ActiveCfg = Release|Win32
		{3621521D-77A2-46EF-A765-6A64D102DC05}.Release|x86.Build.0 = Release|Win32
		{623CB61F-3321-45B5-98CE-5F8BFE7FD697}.Debug|x64.ActiveCfg = Debug|x64
		{623CB61F-3321-45B5-98CE-5F8BFE7FD697}.Debug|x64.Build.0 = Debug|x64
		{623CB61F-3321-45B5-98CE-5F8BFE7FD697}.Debug|x86.ActiveCfg = Debug|Win32
		{623CB61F-3321-45B5-98CE-5F8BFE7FD697}.Debug|x86.Build.0 = Debug|Win32
		{623CB61F-3321-45B5-98CE-5F8BFE7FD697}.Release|x64.ActiveCfg = Release|x64
		{623CB61F-3321-45B5-98CE-5F8BFE7FD697}.Release|x64.Build.0 = Release|x64
		{623CB61F-3321-45B5-98CE-5F8BFE7FD697}.Release|x86.ActiveCfg = Release|Win32
		{623CB61F-3321-45B5-98CE-5F8BFE7FD697}.Release|x86.Build.0 = Release|Win32
	EndGlobalSection
	GlobalSection(SolutionProperties) = preSolution
		HideSolutionNode = FALSE
	EndGlobalSection
	GlobalSection(ExtensibilityGlobals) = postSolution
		SolutionGuid = {4CA3BB61-6712-47D8-A00F-FA485B764D28}
	EndGlobalSection
EndGlobal
